
Microsoft Visual Studio Solution File, Format Version 12.00
# Visual Studio 2013
VisualStudioVersion = 12.0.21005.1
MinimumVisualStudioVersion = 10.0.40219.1
Project("{FAE04EC0-301F-11D3-BF4B-00C04F79EFBC}") = "SongWei.Triggers", "SongWei.Triggers.csproj", "{F16538AF-A07D-4855-9957-344E49CCF2DD}"
EndProject
Project("{FAE04EC0-301F-11D3-BF4B-00C04F79EFBC}") = "Triggers.Test", "Triggers.Test.csproj", "{0F61B777-8146-4B13-B5ED-ABE5167C4A0A}"
EndProject
Global
	GlobalSection(SolutionConfigurationPlatforms) = preSolution
		Debug|Any CPU = Debug|Any CPU
		Release|Any CPU = Release|Any CPU
	EndGlobalSection
	GlobalSection(ProjectConfigurationPlatforms) = postSolution
		{F16538AF-A07D-4855-9957-344E49CCF2DD}.Debug|Any CPU.ActiveCfg = Debug|Any CPU
		{F16538AF-A07D-4855-9957-344E49CCF2DD}.Debug|Any CPU.Build.0 = Debug|Any CPU
		{F16538AF-A07D-4855-9957-344E49CCF2DD}.Release|Any CPU.ActiveCfg = Release|Any CPU
		{F16538AF-A07D-4855-9957-344E49CCF2DD}.Release|Any CPU.Build.0 = Release|Any CPU
		{0F61B777-8146-4B13-B5ED-ABE5167C4A0A}.Debug|Any CPU.ActiveCfg = Debug|Any CPU
		{0F61B777-8146-4B13-B5ED-ABE5167C4A0A}.Debug|Any CPU.Build.0 = Debug|Any CPU
		{0F61B777-8146-4B13-B5ED-ABE5167C4A0A}.Release|Any CPU.ActiveCfg = Release|Any CPU
		{0F61B777-8146-4B13-B5ED-ABE5167C4A0A}.Release|Any CPU.Build.0 = Release|Any CPU
	EndGlobalSection
	GlobalSection(SolutionProperties) = preSolution
		HideSolutionNode = FALSE
	EndGlobalSection
EndGlobal
